Microsoft Visual Studio Solution File, Format Version 12.00
# Visual Studio Version 17
VisualStudioVersion = 17.5.2.0
MinimumVisualStudioVersion = 10.0.40219.1
Project("{FAE04EC0-301F-11D3-BF4B-00C04F79EFBC}") = "NutritionalClinicAPI", "NutritionalClinicAPI\NutritionalClinicAPI.csproj", "{0949DEC9-48A5-DB38-D745-EC844E8CD823}"
EndProject
Global
	GlobalSection(SolutionConfigurationPlatforms) = preSolution
		Debug|Any CPU = Debug|Any CPU
		Release|Any CPU = Release|Any CPU
	EndGlobalSection
	GlobalSection(ProjectConfigurationPlatforms) = postSolution
		{0949DEC9-48A5-DB38-D745-EC844E8CD823}.Debug|Any CPU.ActiveCfg = Debug|Any CPU
		{0949DEC9-48A5-DB38-D745-EC844E8CD823}.Debug|Any CPU.Build.0 = Debug|Any CPU
		{0949DEC9-48A5-DB38-D745-EC844E8CD823}.Release|Any CPU.ActiveCfg = Release|Any CPU
		{0949DEC9-48A5-DB38-D745-EC844E8CD823}.Release|Any CPU.Build.0 = Release|Any CPU
	EndGlobalSection
	GlobalSection(SolutionProperties) = preSolution
		HideSolutionNode = FALSE
	EndGlobalSection
	GlobalSection(ExtensibilityGlobals) = postSolution
		SolutionGuid = {10BEBB51-F3D3-4DF8-96B0-967EDB9C0058}
	EndGlobalSection
EndGlobal
